# This file is automatically @generated by Cargo.
# It is not intended for manual editing.
version = 4

[[package]]
name = "aoc"
version = "0.1.0"
dependencies = [
 "aoc1",
 "aoc2",
 "aoc3",
 "aoc4",
 "aoc5",
]

[[package]]
name = "aoc0"
version = "0.1.0"

[[package]]
name = "aoc1"
version = "0.1.0"

[[package]]
name = "aoc2"
version = "0.1.0"

[[package]]
name = "aoc3"
version = "0.1.0"

[[package]]
name = "aoc4"
version = "0.1.0"

[[package]]
name = "aoc5"
version = "0.1.0"
